<?xml version="1.0" encoding="utf-8"?>
<Project ToolsVersion="4.0" xmlns="http://schemas.microsoft.com/developer/msbuild/2003">
  <ItemGroup>
    <Filter Include="Source Files">
      <UniqueIdentifier>{4FC737F1-C7A5-4376-A066-2A32D752A2FF}</UniqueIdentifier>
      <Extensions>cpp;c;cc;cxx;def;odl;idl;hpj;bat;asm;asmx</Extensions>
    </Filter>
    <Filter Include="Header Files">
      <UniqueIdentifier>{93995380-89BD-4b04-88EB-625FBE52EBFB}</UniqueIdentifier>
      <Extensions>h;hpp;hxx;hm;inl;inc;xsd</Extensions>
    </Filter>
    <Filter Include="Resource Files">
      <UniqueIdentifier>{67DA6AB6-F800-4c08-8B7A-83BB121AAD01}</UniqueIdentifier>
      <Extensions>rc;ico;cur;bmp;dlg;rc2;rct;bin;rgs;gif;jpg;jpeg;jpe;resx;tiff;tif;png;wav</Extensions>
    </Filter>
  </ItemGroup>
  <ItemGroup>
    <ClCompile Include="Hardware.cpp">
      <Filter>Source Files</Filter>
    </ClCompile>
    <ClCompile Include="Spectr.cpp">
      <Filter>Source Files</Filter>
    </ClCompile>
    <ClCompile Include="SpectrDlg.cpp">
      <Filter>Source Files</Filter>
    </ClCompile>
    <ClCompile Include="SplashDlg.cpp">
      <Filter>Source Files</Filter>
    </ClCompile>
    <ClCompile Include="stdafx.cpp">
      <Filter>Source Files</Filter>
    </ClCompile>
    <ClCompile Include="HSMSettings.cpp">
      <Filter>Source Files</Filter>
    </ClCompile>
    <ClCompile Include="ChopperSettings.cpp">
      <Filter>Source Files</Filter>
    </ClCompile>
    <ClCompile Include="Settings.cpp">
      <Filter>Source Files</Filter>
    </ClCompile>
    <ClCompile Include="StepMotorSettings.cpp">
      <Filter>Source Files</Filter>
    </ClCompile>
    <ClCompile Include="IK220Settings.cpp">
      <Filter>Source Files</Filter>
    </ClCompile>
    <ClCompile Include="E2010Settings.cpp">
      <Filter>Source Files</Filter>
    </ClCompile>
    <ClCompile Include="СTaskFileDlg.cpp">
      <Filter>Source Files</Filter>
    </ClCompile>
    <ClCompile Include="Chopper.cpp">
      <Filter>Source Files</Filter>
    </ClCompile>
    <ClCompile Include="E2010.cpp">
      <Filter>Source Files</Filter>
    </ClCompile>
    <ClCompile Include="SampPosSystem.cpp">
      <Filter>Source Files</Filter>
    </ClCompile>
    <ClCompile Include="DataAcqSystem.cpp">
      <Filter>Source Files</Filter>
    </ClCompile>
    <ClCompile Include="YesOrNotDlg.cpp">
      <Filter>Source Files</Filter>
    </ClCompile>
    <ClCompile Include="HighSpeedMotor.cpp">
      <Filter>Source Files</Filter>
    </ClCompile>
    <ClCompile Include="GraphDlg.cpp">
      <Filter>Source Files</Filter>
    </ClCompile>
    <ClCompile Include="ScanTaskDlg.cpp">
      <Filter>Source Files</Filter>
    </ClCompile>
  </ItemGroup>
  <ItemGroup>
    <ClInclude Include="Hardware.h">
      <Filter>Header Files</Filter>
    </ClInclude>
    <ClInclude Include="Resource.h">
      <Filter>Header Files</Filter>
    </ClInclude>
    <ClInclude Include="Spectr.h">
      <Filter>Header Files</Filter>
    </ClInclude>
    <ClInclude Include="SpectrDlg.h">
      <Filter>Header Files</Filter>
    </ClInclude>
    <ClInclude Include="SplashDlg.h">
      <Filter>Header Files</Filter>
    </ClInclude>
    <ClInclude Include="stdafx.h">
      <Filter>Header Files</Filter>
    </ClInclude>
    <ClInclude Include="HSMSettings.h">
      <Filter>Header Files</Filter>
    </ClInclude>
    <ClInclude Include="ChopperSettings.h">
      <Filter>Header Files</Filter>
    </ClInclude>
    <ClInclude Include="Settings.h">
      <Filter>Header Files</Filter>
    </ClInclude>
    <ClInclude Include="StepMotorSettings.h">
      <Filter>Header Files</Filter>
    </ClInclude>
    <ClInclude Include="IK220Settings.h">
      <Filter>Header Files</Filter>
    </ClInclude>
    <ClInclude Include="E2010Settings.h">
      <Filter>Header Files</Filter>
    </ClInclude>
    <ClInclude Include="СTaskFileDlg.h">
      <Filter>Header Files</Filter>
    </ClInclude>
    <ClInclude Include="Chopper.h">
      <Filter>Header Files</Filter>
    </ClInclude>
    <ClInclude Include="E2010.h">
      <Filter>Header Files</Filter>
    </ClInclude>
    <ClInclude Include="SampPosSystem.h">
      <Filter>Header Files</Filter>
    </ClInclude>
    <ClInclude Include="MyDefines.h">
      <Filter>Header Files</Filter>
    </ClInclude>
    <ClInclude Include="DataAcqSystem.h">
      <Filter>Header Files</Filter>
    </ClInclude>
    <ClInclude Include="YesOrNotDlg.h">
      <Filter>Header Files</Filter>
    </ClInclude>
    <ClInclude Include="HighSpeedMotor.h">
      <Filter>Header Files</Filter>
    </ClInclude>
    <ClInclude Include="GraphDlg.h">
      <Filter>Header Files</Filter>
    </ClInclude>
    <ClInclude Include="ScanTaskDlg.h">
      <Filter>Header Files</Filter>
    </ClInclude>
  </ItemGroup>
  <ItemGroup>
    <None Include="res\Spectr.ico">
      <Filter>Resource Files</Filter>
    </None>
    <None Include="res\Spectr.rc2">
      <Filter>Resource Files</Filter>
    </None>
    <None Include="ReadMe.txt" />
    <None Include="res\icon1.ico">
      <Filter>Resource Files</Filter>
    </None>
    <None Include="res\icon2.ico">
      <Filter>Resource Files</Filter>
    </None>
    <None Include="res\bitmap1.bmp">
      <Filter>Resource Files</Filter>
    </None>
    <None Include="res\bitmap2.bmp">
      <Filter>Resource Files</Filter>
    </None>
    <None Include="res\bitmap3.bmp">
      <Filter>Resource Files</Filter>
    </None>
    <None Include="res\icon3.ico">
      <Filter>Resource Files</Filter>
    </None>
  </ItemGroup>
  <ItemGroup>
    <ResourceCompile Include="Spectr.rc">
      <Filter>Resource Files</Filter>
    </ResourceCompile>
  </ItemGroup>
</Project>